// !$*UTF8*$!
{
	archiveVersion = 1;
	classes = {
	};
	objectVersion = 56;
	objects = {

/* Begin PBXBuildFile section */
		D300CA842C462DEB00A684EA /* AppDelegate.swift in Sources */ = {isa = PBXBuildFile; fileRef = D300CA832C462DEB00A684EA /* AppDelegate.swift */; };
		D300CA862C462DEB00A684EA /* SceneDelegate.swift in Sources */ = {isa = PBXBuildFile; fileRef = D300CA852C462DEB00A684EA /* SceneDelegate.swift */; };
		D300CA8D2C462DED00A684EA /* Assets.xcassets in Resources */ = {isa = PBXBuildFile; fileRef = D300CA8C2C462DED00A684EA /* Assets.xcassets */; };
		D300CA902C462DED00A684EA /* Base in Resources */ = {isa = PBXBuildFile; fileRef = D300CA8F2C462DED00A684EA /* Base */; };
		D3040C532C47EB8E009DF7C3 /* UIViewController+Ext.swift in Sources */ = {isa = PBXBuildFile; fileRef = D3040C522C47EB8E009DF7C3 /* UIViewController+Ext.swift */; };
		D316495B2C47D77B0082B573 /* AlertViewController.swift in Sources */ = {isa = PBXBuildFile; fileRef = D316495A2C47D77B0082B573 /* AlertViewController.swift */; };
		D346CE9D2C624280008D08C5 /* Errors.swift in Sources */ = {isa = PBXBuildFile; fileRef = D346CE9C2C624280008D08C5 /* Errors.swift */; };
		D3B68FFA2C468CAE0071197A /* avatar-placeholder-dark@2x.png in Resources */ = {isa = PBXBuildFile; fileRef = D3B68FED2C468CAE0071197A /* avatar-placeholder-dark@2x.png */; };
		D3B68FFB2C468CAE0071197A /* avatar-placeholder-dark@3x.png in Resources */ = {isa = PBXBuildFile; fileRef = D3B68FEE2C468CAE0071197A /* avatar-placeholder-dark@3x.png */; };
		D3B68FFC2C468CAE0071197A /* avatar-placeholder@2x.png in Resources */ = {isa = PBXBuildFile; fileRef = D3B68FEF2C468CAE0071197A /* avatar-placeholder@2x.png */; };
		D3B68FFD2C468CAE0071197A /* avatar-placeholder@3x.png in Resources */ = {isa = PBXBuildFile; fileRef = D3B68FF02C468CAE0071197A /* avatar-placeholder@3x.png */; };
		D3B68FFE2C468CAE0071197A /* empty-state-logo-dark@2x.png in Resources */ = {isa = PBXBuildFile; fileRef = D3B68FF12C468CAE0071197A /* empty-state-logo-dark@2x.png */; };
		D3B68FFF2C468CAE0071197A /* empty-state-logo-dark@3x.png in Resources */ = {isa = PBXBuildFile; fileRef = D3B68FF22C468CAE0071197A /* empty-state-logo-dark@3x.png */; };
		D3B690002C468CAE0071197A /* empty-state-logo@2x.png in Resources */ = {isa = PBXBuildFile; fileRef = D3B68FF32C468CAE0071197A /* empty-state-logo@2x.png */; };
		D3B690012C468CAE0071197A /* empty-state-logo@3x.png in Resources */ = {isa = PBXBuildFile; fileRef = D3B68FF42C468CAE0071197A /* empty-state-logo@3x.png */; };
		D3B690022C468CAE0071197A /* gh-logo-dark@2x.png in Resources */ = {isa = PBXBuildFile; fileRef = D3B68FF52C468CAE0071197A /* gh-logo-dark@2x.png */; };
		D3B690032C468CAE0071197A /* gh-logo-dark@3x.png in Resources */ = {isa = PBXBuildFile; fileRef = D3B68FF62C468CAE0071197A /* gh-logo-dark@3x.png */; };
		D3B690042C468CAE0071197A /* gh-logo@2x.png in Resources */ = {isa = PBXBuildFile; fileRef = D3B68FF72C468CAE0071197A /* gh-logo@2x.png */; };
		D3B690052C468CAE0071197A /* gh-logo@3x.png in Resources */ = {isa = PBXBuildFile; fileRef = D3B68FF82C468CAE0071197A /* gh-logo@3x.png */; };
		D3B690072C4691370071197A /* SearchViewController.swift in Sources */ = {isa = PBXBuildFile; fileRef = D3B690062C4691370071197A /* SearchViewController.swift */; };
		D3B690092C4691F70071197A /* FavouritesListViewController.swift in Sources */ = {isa = PBXBuildFile; fileRef = D3B690082C4691F70071197A /* FavouritesListViewController.swift */; };
		D3B6900B2C4782240071197A /* GFButton.swift in Sources */ = {isa = PBXBuildFile; fileRef = D3B6900A2C4782230071197A /* GFButton.swift */; };
		D3B6900D2C4799170071197A /* GFTextField.swift in Sources */ = {isa = PBXBuildFile; fileRef = D3B6900C2C4799170071197A /* GFTextField.swift */; };
		D3B6900F2C47AED30071197A /* FollowerListViewController.swift in Sources */ = {isa = PBXBuildFile; fileRef = D3B6900E2C47AED30071197A /* FollowerListViewController.swift */; };
		D3E83BCE2C48E5F000410C38 /* Follower.swift in Sources */ = {isa = PBXBuildFile; fileRef = D3E83BCD2C48E5F000410C38 /* Follower.swift */; };
		D3E83BD02C48E6CE00410C38 /* User.swift in Sources */ = {isa = PBXBuildFile; fileRef = D3E83BCF2C48E6CE00410C38 /* User.swift */; };
		D3E83BD32C48ED2300410C38 /* NetworkManager.swift in Sources */ = {isa = PBXBuildFile; fileRef = D3E83BD22C48ED2300410C38 /* NetworkManager.swift */; };
		D3F747892C47CFED0022C7D5 /* GFTitleLabel.swift in Sources */ = {isa = PBXBuildFile; fileRef = D3F747882C47CFED0022C7D5 /* GFTitleLabel.swift */; };
		D3F7478B2C47D4570022C7D5 /* GFBodyLabel.swift in Sources */ = {isa = PBXBuildFile; fileRef = D3F7478A2C47D4570022C7D5 /* GFBodyLabel.swift */; };
/* End PBXBuildFile section */

/* Begin PBXFileReference section */
		D300CA802C462DEB00A684EA /* GHPro.app */ = {isa = PBXFileReference; explicitFileType = wrapper.application; includeInIndex = 0; path = GHPro.app; sourceTree = BUILT_PRODUCTS_DIR; };
		D300CA832C462DEB00A684EA /* AppDelegate.swift */ = {isa = PBXFileReference; lastKnownFileType = sourcecode.swift; name = AppDelegate.swift; path = ../AppDelegate.swift; sourceTree = "<group>"; };
		D300CA852C462DEB00A684EA /* SceneDelegate.swift */ = {isa = PBXFileReference; lastKnownFileType = sourcecode.swift; name = SceneDelegate.swift; path = ../SceneDelegate.swift; sourceTree = "<group>"; };
		D300CA8C2C462DED00A684EA /* Assets.xcassets */ = {isa = PBXFileReference; lastKnownFileType = folder.assetcatalog; name = Assets.xcassets; path = ../Assets.xcassets; sourceTree = "<group>"; };
		D300CA8F2C462DED00A684EA /* Base */ = {isa = PBXFileReference; lastKnownFileType = file.storyboard; name = Base; path = Base.lproj/LaunchScreen.storyboard; sourceTree = "<group>"; };
		D300CA912C462DED00A684EA /* Info.plist */ = {isa = PBXFileReference; lastKnownFileType = text.plist.xml; path = Info.plist; sourceTree = "<group>"; };
		D3040C522C47EB8E009DF7C3 /* UIViewController+Ext.swift */ = {isa = PBXFileReference; lastKnownFileType = sourcecode.swift; name = "UIViewController+Ext.swift"; path = "../UIViewController+Ext.swift"; sourceTree = "<group>"; };
		D316495A2C47D77B0082B573 /* AlertViewController.swift */ = {isa = PBXFileReference; lastKnownFileType = sourcecode.swift; name = AlertViewController.swift; path = ../Screens/AlertViewController.swift; sourceTree = "<group>"; };
		D346CE9C2C624280008D08C5 /* Errors.swift */ = {isa = PBXFileReference; lastKnownFileType = sourcecode.swift; path = Errors.swift; sourceTree = "<group>"; };
		D3B68FED2C468CAE0071197A /* avatar-placeholder-dark@2x.png */ = {isa = PBXFileReference; lastKnownFileType = image.png; path = "avatar-placeholder-dark@2x.png"; sourceTree = "<group>"; };
		D3B68FEE2C468CAE0071197A /* avatar-placeholder-dark@3x.png */ = {isa = PBXFileReference; lastKnownFileType = image.png; path = "avatar-placeholder-dark@3x.png"; sourceTree = "<group>"; };
		D3B68FEF2C468CAE0071197A /* avatar-placeholder@2x.png */ = {isa = PBXFileReference; lastKnownFileType = image.png; path = "avatar-placeholder@2x.png"; sourceTree = "<group>"; };
		D3B68FF02C468CAE0071197A /* avatar-placeholder@3x.png */ = {isa = PBXFileReference; lastKnownFileType = image.png; path = "avatar-placeholder@3x.png"; sourceTree = "<group>"; };
		D3B68FF12C468CAE0071197A /* empty-state-logo-dark@2x.png */ = {isa = PBXFileReference; lastKnownFileType = image.png; path = "empty-state-logo-dark@2x.png"; sourceTree = "<group>"; };
		D3B68FF22C468CAE0071197A /* empty-state-logo-dark@3x.png */ = {isa = PBXFileReference; lastKnownFileType = image.png; path = "empty-state-logo-dark@3x.png"; sourceTree = "<group>"; };
		D3B68FF32C468CAE0071197A /* empty-state-logo@2x.png */ = {isa = PBXFileReference; lastKnownFileType = image.png; path = "empty-state-logo@2x.png"; sourceTree = "<group>"; };
		D3B68FF42C468CAE0071197A /* empty-state-logo@3x.png */ = {isa = PBXFileReference; lastKnownFileType = image.png; path = "empty-state-logo@3x.png"; sourceTree = "<group>"; };
		D3B68FF52C468CAE0071197A /* gh-logo-dark@2x.png */ = {isa = PBXFileReference; lastKnownFileType = image.png; path = "gh-logo-dark@2x.png"; sourceTree = "<group>"; };
		D3B68FF62C468CAE0071197A /* gh-logo-dark@3x.png */ = {isa = PBXFileReference; lastKnownFileType = image.png; path = "gh-logo-dark@3x.png"; sourceTree = "<group>"; };
		D3B68FF72C468CAE0071197A /* gh-logo@2x.png */ = {isa = PBXFileReference; lastKnownFileType = image.png; path = "gh-logo@2x.png"; sourceTree = "<group>"; };
		D3B68FF82C468CAE0071197A /* gh-logo@3x.png */ = {isa = PBXFileReference; lastKnownFileType = image.png; path = "gh-logo@3x.png"; sourceTree = "<group>"; };
		D3B690062C4691370071197A /* SearchViewController.swift */ = {isa = PBXFileReference; lastKnownFileType = sourcecode.swift; path = SearchViewController.swift; sourceTree = "<group>"; };
		D3B690082C4691F70071197A /* FavouritesListViewController.swift */ = {isa = PBXFileReference; lastKnownFileType = sourcecode.swift; name = FavouritesListViewController.swift; path = ../FavouritesListViewController.swift; sourceTree = "<group>"; };
		D3B6900A2C4782230071197A /* GFButton.swift */ = {isa = PBXFileReference; lastKnownFileType = sourcecode.swift; name = GFButton.swift; path = ../GFButton.swift; sourceTree = "<group>"; };
		D3B6900C2C4799170071197A /* GFTextField.swift */ = {isa = PBXFileReference; lastKnownFileType = sourcecode.swift; name = GFTextField.swift; path = ../GFTextField.swift; sourceTree = "<group>"; };
		D3B6900E2C47AED30071197A /* FollowerListViewController.swift */ = {isa = PBXFileReference; lastKnownFileType = sourcecode.swift; name = FollowerListViewController.swift; path = ../FollowerListViewController.swift; sourceTree = "<group>"; };
		D3E83BCD2C48E5F000410C38 /* Follower.swift */ = {isa = PBXFileReference; lastKnownFileType = sourcecode.swift; path = Follower.swift; sourceTree = "<group>"; };
		D3E83BCF2C48E6CE00410C38 /* User.swift */ = {isa = PBXFileReference; lastKnownFileType = sourcecode.swift; path = User.swift; sourceTree = "<group>"; };
		D3E83BD22C48ED2300410C38 /* NetworkManager.swift */ = {isa = PBXFileReference; lastKnownFileType = sourcecode.swift; path = NetworkManager.swift; sourceTree = "<group>"; };
		D3F747882C47CFED0022C7D5 /* GFTitleLabel.swift */ = {isa = PBXFileReference; lastKnownFileType = sourcecode.swift; path = GFTitleLabel.swift; sourceTree = "<group>"; };
		D3F7478A2C47D4570022C7D5 /* GFBodyLabel.swift */ = {isa = PBXFileReference; lastKnownFileType = sourcecode.swift; path = GFBodyLabel.swift; sourceTree = "<group>"; };
/* End PBXFileReference section */

/* Begin PBXFrameworksBuildPhase section */
		D300CA7D2C462DEB00A684EA /* Frameworks */ = {
			isa = PBXFrameworksBuildPhase;
			buildActionMask = 2147483647;
			files = (
			);
			runOnlyForDeploymentPostprocessing = 0;
		};
/* End PBXFrameworksBuildPhase section */

/* Begin PBXGroup section */
		D300CA772C462DEB00A684EA = {
			isa = PBXGroup;
			children = (
				D300CA822C462DEB00A684EA /* GHPro */,
				D300CA812C462DEB00A684EA /* Products */,
			);
			sourceTree = "<group>";
		};
		D300CA812C462DEB00A684EA /* Products */ = {
			isa = PBXGroup;
			children = (
				D300CA802C462DEB00A684EA /* GHPro.app */,
			);
			name = Products;
			sourceTree = "<group>";
		};
		D300CA822C462DEB00A684EA /* GHPro */ = {
			isa = PBXGroup;
			children = (
				D346CE9B2C624268008D08C5 /* Utils */,
				D3E83BD12C48ED0300410C38 /* New Group */,
				D30690802C48E55C004F506C /* Models */,
				D306907F2C48DA9E004F506C /* Extensions */,
				D3F747872C47CED80022C7D5 /* Delegates */,
				D3F747862C47CE980022C7D5 /* Screens */,
				D3B690102C47CD590071197A /* Reusable */,
				D300CA8E2C462DED00A684EA /* LaunchScreen.storyboard */,
				D3B68FF92C468CAE0071197A /* App Assets */,
				D300CA912C462DED00A684EA /* Info.plist */,
			);
			path = GHPro;
			sourceTree = "<group>";
		};
		D306907F2C48DA9E004F506C /* Extensions */ = {
			isa = PBXGroup;
			children = (
				D3040C522C47EB8E009DF7C3 /* UIViewController+Ext.swift */,
			);
			path = Extensions;
			sourceTree = "<group>";
		};
		D30690802C48E55C004F506C /* Models */ = {
			isa = PBXGroup;
			children = (
				D3E83BCD2C48E5F000410C38 /* Follower.swift */,
				D3E83BCF2C48E6CE00410C38 /* User.swift */,
			);
			path = Models;
			sourceTree = "<group>";
		};
		D346CE9B2C624268008D08C5 /* Utils */ = {
			isa = PBXGroup;
			children = (
				D346CE9C2C624280008D08C5 /* Errors.swift */,
			);
			path = Utils;
			sourceTree = "<group>";
		};
		D3B68FF92C468CAE0071197A /* App Assets */ = {
			isa = PBXGroup;
			children = (
				D300CA8C2C462DED00A684EA /* Assets.xcassets */,
				D3B68FED2C468CAE0071197A /* avatar-placeholder-dark@2x.png */,
				D3B68FEE2C468CAE0071197A /* avatar-placeholder-dark@3x.png */,
				D3B68FEF2C468CAE0071197A /* avatar-placeholder@2x.png */,
				D3B68FF02C468CAE0071197A /* avatar-placeholder@3x.png */,
				D3B68FF12C468CAE0071197A /* empty-state-logo-dark@2x.png */,
				D3B68FF22C468CAE0071197A /* empty-state-logo-dark@3x.png */,
				D3B68FF32C468CAE0071197A /* empty-state-logo@2x.png */,
				D3B68FF42C468CAE0071197A /* empty-state-logo@3x.png */,
				D3B68FF52C468CAE0071197A /* gh-logo-dark@2x.png */,
				D3B68FF62C468CAE0071197A /* gh-logo-dark@3x.png */,
				D3B68FF72C468CAE0071197A /* gh-logo@2x.png */,
				D3B68FF82C468CAE0071197A /* gh-logo@3x.png */,
			);
			path = "App Assets";
			sourceTree = "<group>";
		};
		D3B690102C47CD590071197A /* Reusable */ = {
			isa = PBXGroup;
			children = (
				D316495A2C47D77B0082B573 /* AlertViewController.swift */,
				D3B6900A2C4782230071197A /* GFButton.swift */,
				D3B6900C2C4799170071197A /* GFTextField.swift */,
				D3F747882C47CFED0022C7D5 /* GFTitleLabel.swift */,
				D3F7478A2C47D4570022C7D5 /* GFBodyLabel.swift */,
			);
			path = Reusable;
			sourceTree = "<group>";
		};
		D3E83BD12C48ED0300410C38 /* New Group */ = {
			isa = PBXGroup;
			children = (
				D3E83BD22C48ED2300410C38 /* NetworkManager.swift */,
			);
			path = "New Group";
			sourceTree = "<group>";
		};
		D3F747862C47CE980022C7D5 /* Screens */ = {
			isa = PBXGroup;
			children = (
				D3B6900E2C47AED30071197A /* FollowerListViewController.swift */,
				D3B690082C4691F70071197A /* FavouritesListViewController.swift */,
				D3B690062C4691370071197A /* SearchViewController.swift */,
			);
			path = Screens;
			sourceTree = "<group>";
		};
		D3F747872C47CED80022C7D5 /* Delegates */ = {
			isa = PBXGroup;
			children = (
				D300CA832C462DEB00A684EA /* AppDelegate.swift */,
				D300CA852C462DEB00A684EA /* SceneDelegate.swift */,
			);
			path = Delegates;
			sourceTree = "<group>";
		};
/* End PBXGroup section */

/* Begin PBXNativeTarget section */
		D300CA7F2C462DEB00A684EA /* GHPro */ = {
			isa = PBXNativeTarget;
			buildConfigurationList = D300CA942C462DED00A684EA /* Build configuration list for PBXNativeTarget "GHPro" */;
			buildPhases = (
				D300CA7C2C462DEB00A684EA /* Sources */,
				D300CA7D2C462DEB00A684EA /* Frameworks */,
				D300CA7E2C462DEB00A684EA /* Resources */,
			);
			buildRules = (
			);
			dependencies = (
			);
			name = GHPro;
			productName = GHPro;
			productReference = D300CA802C462DEB00A684EA /* GHPro.app */;
			productType = "com.apple.product-type.application";
		};
/* End PBXNativeTarget section */

/* Begin PBXProject section */
		D300CA782C462DEB00A684EA /* Project object */ = {
			isa = PBXProject;
			attributes = {
				BuildIndependentTargetsInParallel = 1;
				LastSwiftUpdateCheck = 1540;
				LastUpgradeCheck = 1540;
				TargetAttributes = {
					D300CA7F2C462DEB00A684EA = {
						CreatedOnToolsVersion = 15.4;
					};
				};
			};
			buildConfigurationList = D300CA7B2C462DEB00A684EA /* Build configuration list for PBXProject "GHPro" */;
			compatibilityVersion = "Xcode 14.0";
			developmentRegion = en;
			hasScannedForEncodings = 0;
			knownRegions = (
				en,
				Base,
			);
			mainGroup = D300CA772C462DEB00A684EA;
			productRefGroup = D300CA812C462DEB00A684EA /* Products */;
			projectDirPath = "";
			projectRoot = "";
			targets = (
				D300CA7F2C462DEB00A684EA /* GHPro */,
			);
		};
/* End PBXProject section */

/* Begin PBXResourcesBuildPhase section */
		D300CA7E2C462DEB00A684EA /* Resources */ = {
			isa = PBXResourcesBuildPhase;
			buildActionMask = 2147483647;
			files = (
				D300CA8D2C462DED00A684EA /* Assets.xcassets in Resources */,
				D3B68FFC2C468CAE0071197A /* avatar-placeholder@2x.png in Resources */,
				D3B690012C468CAE0071197A /* empty-state-logo@3x.png in Resources */,
				D300CA902C462DED00A684EA /* Base in Resources */,
				D3B690042C468CAE0071197A /* gh-logo@2x.png in Resources */,
				D3B690002C468CAE0071197A /* empty-state-logo@2x.png in Resources */,
				D3B690032C468CAE0071197A /* gh-logo-dark@3x.png in Resources */,
				D3B68FFB2C468CAE0071197A /* avatar-placeholder-dark@3x.png in Resources */,
				D3B68FFF2C468CAE0071197A /* empty-state-logo-dark@3x.png in Resources */,
				D3B690052C468CAE0071197A /* gh-logo@3x.png in Resources */,
				D3B68FFD2C468CAE0071197A /* avatar-placeholder@3x.png in Resources */,
				D3B68FFE2C468CAE0071197A /* empty-state-logo-dark@2x.png in Resources */,
				D3B68FFA2C468CAE0071197A /* avatar-placeholder-dark@2x.png in Resources */,
				D3B690022C468CAE0071197A /* gh-logo-dark@2x.png in Resources */,
			);
			runOnlyForDeploymentPostprocessing = 0;
		};
/* End PBXResourcesBuildPhase section */

/* Begin PBXSourcesBuildPhase section */
		D300CA7C2C462DEB00A684EA /* Sources */ = {
			isa = PBXSourcesBuildPhase;
			buildActionMask = 2147483647;
			files = (
				D3E83BD02C48E6CE00410C38 /* User.swift in Sources */,
				D346CE9D2C624280008D08C5 /* Errors.swift in Sources */,
				D3B6900D2C4799170071197A /* GFTextField.swift in Sources */,
				D3B690092C4691F70071197A /* FavouritesListViewController.swift in Sources */,
				D3B6900B2C4782240071197A /* GFButton.swift in Sources */,
				D3040C532C47EB8E009DF7C3 /* UIViewController+Ext.swift in Sources */,
				D316495B2C47D77B0082B573 /* AlertViewController.swift in Sources */,
				D3B6900F2C47AED30071197A /* FollowerListViewController.swift in Sources */,
				D3F747892C47CFED0022C7D5 /* GFTitleLabel.swift in Sources */,
				D3E83BCE2C48E5F000410C38 /* Follower.swift in Sources */,
				D3B690072C4691370071197A /* SearchViewController.swift in Sources */,
				D3E83BD32C48ED2300410C38 /* NetworkManager.swift in Sources */,
				D300CA842C462DEB00A684EA /* AppDelegate.swift in Sources */,
				D3F7478B2C47D4570022C7D5 /* GFBodyLabel.swift in Sources */,
				D300CA862C462DEB00A684EA /* SceneDelegate.swift in Sources */,
			);
			runOnlyForDeploymentPostprocessing = 0;
		};
/* End PBXSourcesBuildPhase section */

/* Begin PBXVariantGroup section */
		D300CA8E2C462DED00A684EA /* LaunchScreen.storyboard */ = {
			isa = PBXVariantGroup;
			children = (
				D300CA8F2C462DED00A684EA /* Base */,
			);
			name = LaunchScreen.storyboard;
			sourceTree = "<group>";
		};
/* End PBXVariantGroup section */

/* Begin XCBuildConfiguration section */
		D300CA922C462DED00A684EA /* Debug */ = {
			isa = XCBuildConfiguration;
			buildSettings = {
				ALWAYS_SEARCH_USER_PATHS = NO;
				ASSETCATALOG_COMPILER_GENERATE_SWIFT_ASSET_SYMBOL_EXTENSIONS = YES;
				CLANG_ANALYZER_NONNULL = YES;
				CLANG_ANALYZER_NUMBER_OBJECT_CONVERSION = YES_AGGRESSIVE;
				CLANG_CXX_LANGUAGE_STANDARD = "gnu++20";
				CLANG_ENABLE_MODULES = YES;
				CLANG_ENABLE_OBJC_ARC = YES;
				CLANG_ENABLE_OBJC_WEAK = YES;
				CLANG_WARN_BLOCK_CAPTURE_AUTORELEASING = YES;
				CLANG_WARN_BOOL_CONVERSION = YES;
				CLANG_WARN_COMMA = YES;
				CLANG_WARN_CONSTANT_CONVERSION = YES;
				CLANG_WARN_DEPRECATED_OBJC_IMPLEMENTATIONS = YES;
				CLANG_WARN_DIRECT_OBJC_ISA_USAGE = YES_ERROR;
				CLANG_WARN_DOCUMENTATION_COMMENTS = YES;
				CLANG_WARN_EMPTY_BODY = YES;
				CLANG_WARN_ENUM_CONVERSION = YES;
				CLANG_WARN_INFINITE_RECURSION = YES;
				CLANG_WARN_INT_CONVERSION = YES;
				CLANG_WARN_NON_LITERAL_NULL_CONVERSION = YES;
				CLANG_WARN_OBJC_IMPLICIT_RETAIN_SELF = YES;
				CLANG_WARN_OBJC_LITERAL_CONVERSION = YES;
				CLANG_WARN_OBJC_ROOT_CLASS = YES_ERROR;
				CLANG_WARN_QUOTED_INCLUDE_IN_FRAMEWORK_HEADER = YES;
				CLANG_WARN_RANGE_LOOP_ANALYSIS = YES;
				CLANG_WARN_STRICT_PROTOTYPES = YES;
				CLANG_WARN_SUSPICIOUS_MOVE = YES;
				CLANG_WARN_UNGUARDED_AVAILABILITY = YES_AGGRESSIVE;
				CLANG_WARN_UNREACHABLE_CODE = YES;
				CLANG_WARN__DUPLICATE_METHOD_MATCH = YES;
				COPY_PHASE_STRIP = NO;
				DEBUG_INFORMATION_FORMAT = dwarf;
				ENABLE_STRICT_OBJC_MSGSEND = YES;
				ENABLE_TESTABILITY = YES;
				ENABLE_USER_SCRIPT_SANDBOXING = YES;
				GCC_C_LANGUAGE_STANDARD = gnu17;
				GCC_DYNAMIC_NO_PIC = NO;
				GCC_NO_COMMON_BLOCKS = YES;
				GCC_OPTIMIZATION_LEVEL = 0;
				GCC_PREPROCESSOR_DEFINITIONS = (
					"DEBUG=1",
					"$(inherited)",
				);
				GCC_WARN_64_TO_32_BIT_CONVERSION = YES;
				GCC_WARN_ABOUT_RETURN_TYPE = YES_ERROR;
				GCC_WARN_UNDECLARED_SELECTOR = YES;
				GCC_WARN_UNINITIALIZED_AUTOS = YES_AGGRESSIVE;
				GCC_WARN_UNUSED_FUNCTION = YES;
				GCC_WARN_UNUSED_VARIABLE = YES;
				IPHONEOS_DEPLOYMENT_TARGET = 17.5;
				LOCALIZATION_PREFERS_STRING_CATALOGS = YES;
				MTL_ENABLE_DEBUG_INFO = INCLUDE_SOURCE;
				MTL_FAST_MATH = YES;
				ONLY_ACTIVE_ARCH = YES;
				SDKROOT = iphoneos;
				SWIFT_ACTIVE_COMPILATION_CONDITIONS = "DEBUG $(inherited)";
				SWIFT_OPTIMIZATION_LEVEL = "-Onone";
			};
			name = Debug;
		};
		D300CA932C462DED00A684EA /* Release */ = {
			isa = XCBuildConfiguration;
			buildSettings = {
				ALWAYS_SEARCH_USER_PATHS = NO;
				ASSETCATALOG_COMPILER_GENERATE_SWIFT_ASSET_SYMBOL_EXTENSIONS = YES;
				CLANG_ANALYZER_NONNULL = YES;
				CLANG_ANALYZER_NUMBER_OBJECT_CONVERSION = YES_AGGRESSIVE;
				CLANG_CXX_LANGUAGE_STANDARD = "gnu++20";
				CLANG_ENABLE_MODULES = YES;
				CLANG_ENABLE_OBJC_ARC = YES;
				CLANG_ENABLE_OBJC_WEAK = YES;
				CLANG_WARN_BLOCK_CAPTURE_AUTORELEASING = YES;
				CLANG_WARN_BOOL_CONVERSION = YES;
				CLANG_WARN_COMMA = YES;
				CLANG_WARN_CONSTANT_CONVERSION = YES;
				CLANG_WARN_DEPRECATED_OBJC_IMPLEMENTATIONS = YES;
				CLANG_WARN_DIRECT_OBJC_ISA_USAGE = YES_ERROR;
				CLANG_WARN_DOCUMENTATION_COMMENTS = YES;
				CLANG_WARN_EMPTY_BODY = YES;
				CLANG_WARN_ENUM_CONVERSION = YES;
				CLANG_WARN_INFINITE_RECURSION = YES;
				CLANG_WARN_INT_CONVERSION = YES;
				CLANG_WARN_NON_LITERAL_NULL_CONVERSION = YES;
				CLANG_WARN_OBJC_IMPLICIT_RETAIN_SELF = YES;
				CLANG_WARN_OBJC_LITERAL_CONVERSION = YES;
				CLANG_WARN_OBJC_ROOT_CLASS = YES_ERROR;
				CLANG_WARN_QUOTED_INCLUDE_IN_FRAMEWORK_HEADER = YES;
				CLANG_WARN_RANGE_LOOP_ANALYSIS = YES;
				CLANG_WARN_STRICT_PROTOTYPES = YES;
				CLANG_WARN_SUSPICIOUS_MOVE = YES;
				CLANG_WARN_UNGUARDED_AVAILABILITY = YES_AGGRESSIVE;
				CLANG_WARN_UNREACHABLE_CODE = YES;
				CLANG_WARN__DUPLICATE_METHOD_MATCH = YES;
				COPY_PHASE_STRIP = NO;
				DEBUG_INFORMATION_FORMAT = "dwarf-with-dsym";
				ENABLE_NS_ASSERTIONS = NO;
				ENABLE_STRICT_OBJC_MSGSEND = YES;
				ENABLE_USER_SCRIPT_SANDBOXING = YES;
				GCC_C_LANGUAGE_STANDARD = gnu17;
				GCC_NO_COMMON_BLOCKS = YES;
				GCC_WARN_64_TO_32_BIT_CONVERSION = YES;
				GCC_WARN_ABOUT_RETURN_TYPE = YES_ERROR;
				GCC_WARN_UNDECLARED_SELECTOR = YES;
				GCC_WARN_UNINITIALIZED_AUTOS = YES_AGGRESSIVE;
				GCC_WARN_UNUSED_FUNCTION = YES;
				GCC_WARN_UNUSED_VARIABLE = YES;
				IPHONEOS_DEPLOYMENT_TARGET = 17.5;
				LOCALIZATION_PREFERS_STRING_CATALOGS = YES;
				MTL_ENABLE_DEBUG_INFO = NO;
				MTL_FAST_MATH = YES;
				SDKROOT = iphoneos;
				SWIFT_COMPILATION_MODE = wholemodule;
				VALIDATE_PRODUCT = YES;
			};
			name = Release;
		};
		D300CA952C462DED00A684EA /* Debug */ = {
			isa = XCBuildConfiguration;
			buildSettings = {
				ASSETCATALOG_COMPILER_APPICON_NAME = AppIcon;
				ASSETCATALOG_COMPILER_GLOBAL_ACCENT_COLOR_NAME = AccentColor;
				CODE_SIGN_STYLE = Automatic;
				CURRENT_PROJECT_VERSION = 1;
				DEVELOPMENT_TEAM = 38NJH765N5;
				GENERATE_INFOPLIST_FILE = YES;
				INFOPLIST_FILE = GHPro/Info.plist;
				INFOPLIST_KEY_UIApplicationSupportsIndirectInputEvents = YES;
				INFOPLIST_KEY_UILaunchStoryboardName = LaunchScreen;
				INFOPLIST_KEY_UIStatusBarStyle = "";
				INFOPLIST_KEY_UISupportedInterfaceOrientations = UIInterfaceOrientationPortrait;
				LD_RUNPATH_SEARCH_PATHS = (
					"$(inherited)",
					"@executable_path/Frameworks",
				);
				MARKETING_VERSION = 1.0;
				PRODUCT_BUNDLE_IDENTIFIER = SwayamRustagi.GHPro;
				PRODUCT_NAME = "$(TARGET_NAME)";
				SWIFT_EMIT_LOC_STRINGS = YES;
				SWIFT_VERSION = 5.0;
				TARGETED_DEVICE_FAMILY = "1,2";
			};
			name = Debug;
		};
		D300CA962C462DED00A684EA /* Release */ = {
			isa = XCBuildConfiguration;
			buildSettings = {
				ASSETCATALOG_COMPILER_APPICON_NAME = AppIcon;
				ASSETCATALOG_COMPILER_GLOBAL_ACCENT_COLOR_NAME = AccentColor;
				CODE_SIGN_STYLE = Automatic;
				CURRENT_PROJECT_VERSION = 1;
				DEVELOPMENT_TEAM = 38NJH765N5;
				GENERATE_INFOPLIST_FILE = YES;
				INFOPLIST_FILE = GHPro/Info.plist;
				INFOPLIST_KEY_UIApplicationSupportsIndirectInputEvents = YES;
				INFOPLIST_KEY_UILaunchStoryboardName = LaunchScreen;
				INFOPLIST_KEY_UIStatusBarStyle = "";
				INFOPLIST_KEY_UISupportedInterfaceOrientations = UIInterfaceOrientationPortrait;
				LD_RUNPATH_SEARCH_PATHS = (
					"$(inherited)",
					"@executable_path/Frameworks",
				);
				MARKETING_VERSION = 1.0;
				PRODUCT_BUNDLE_IDENTIFIER = SwayamRustagi.GHPro;
				PRODUCT_NAME = "$(TARGET_NAME)";
				SWIFT_EMIT_LOC_STRINGS = YES;
				SWIFT_VERSION = 5.0;
				TARGETED_DEVICE_FAMILY = "1,2";
			};
			name = Release;
		};
/* End XCBuildConfiguration section */

/* Begin XCConfigurationList section */
		D300CA7B2C462DEB00A684EA /* Build configuration list for PBXProject "GHPro" */ = {
			isa = XCConfigurationList;
			buildConfigurations = (
				D300CA922C462DED00A684EA /* Debug */,
				D300CA932C462DED00A684EA /* Release */,
			);
			defaultConfigurationIsVisible = 0;
			defaultConfigurationName = Release;
		};
		D300CA942C462DED00A684EA /* Build configuration list for PBXNativeTarget "GHPro" */ = {
			isa = XCConfigurationList;
			buildConfigurations = (
				D300CA952C462DED00A684EA /* Debug */,
				D300CA962C462DED00A684EA /* Release */,
			);
			defaultConfigurationIsVisible = 0;
			defaultConfigurationName = Release;
		};
/* End XCConfigurationList section */
	};
	rootObject = D300CA782C462DEB00A684EA /* Project object */;
}
